
Microsoft Visual Studio Solution File, Format Version 12.00
# Visual Studio Version 16
VisualStudioVersion = 16.0.29926.136
MinimumVisualStudioVersion = 10.0.40219.1
Project("{FAE04EC0-301F-11D3-BF4B-00C04F79EFBC}") = "socialNetworkApi", "socialNetworkApi\socialNetworkApi.csproj", "{BE7EEFD3-0EE8-42E1-B534-1F2BAA5EE766}"
EndProject
Global
	GlobalSection(SolutionConfigurationPlatforms) = preSolution
		Debug|Any CPU = Debug|Any CPU
		Release|Any CPU = Release|Any CPU
	EndGlobalSection
	GlobalSection(ProjectConfigurationPlatforms) = postSolution
		{BE7EEFD3-0EE8-42E1-B534-1F2BAA5EE766}.Debug|Any CPU.ActiveCfg = Debug|Any CPU
		{BE7EEFD3-0EE8-42E1-B534-1F2BAA5EE766}.Debug|Any CPU.Build.0 = Debug|Any CPU
		{BE7EEFD3-0EE8-42E1-B534-1F2BAA5EE766}.Release|Any CPU.ActiveCfg = Release|Any CPU
		{BE7EEFD3-0EE8-42E1-B534-1F2BAA5EE766}.Release|Any CPU.Build.0 = Release|Any CPU
	EndGlobalSection
	GlobalSection(SolutionProperties) = preSolution
		HideSolutionNode = FALSE
	EndGlobalSection
	GlobalSection(ExtensibilityGlobals) = postSolution
		SolutionGuid = {706807C7-C3FC-4860-833A-1FD5FD3C8B93}
	EndGlobalSection
EndGlobal
